// !$*UTF8*$!
{
	archiveVersion = 1;
	classes = {
	};
	objectVersion = 46;
	objects = {

/* Begin PBXBuildFile section */
		A245918E1E6E158300BB8C98 /* AppDelegate.swift in Sources */ = {isa = PBXBuildFile; fileRef = A245918D1E6E158300BB8C98 /* AppDelegate.swift */; };
		A24591901E6E158300BB8C98 /* ViewController.swift in Sources */ = {isa = PBXBuildFile; fileRef = A245918F1E6E158300BB8C98 /* ViewController.swift */; };
		A24591931E6E158300BB8C98 /* Main.storyboard in Resources */ = {isa = PBXBuildFile; fileRef = A24591911E6E158300BB8C98 /* Main.storyboard */; };
		A24591951E6E158300BB8C98 /* Assets.xcassets in Resources */ = {isa = PBXBuildFile; fileRef = A24591941E6E158300BB8C98 /* Assets.xcassets */; };
		A24591981E6E158300BB8C98 /* LaunchScreen.storyboard in Resources */ = {isa = PBXBuildFile; fileRef = A24591961E6E158300BB8C98 /* LaunchScreen.storyboard */; };
		A24591E91E6E19BC00BB8C98 /* SQLite.framework in Frameworks */ = {isa = PBXBuildFile; fileRef = A24591DC1E6E194E00BB8C98 /* SQLite.framework */; };
		A24591EE1E6E240A00BB8C98 /* TableViewCell.swift in Sources */ = {isa = PBXBuildFile; fileRef = A24591ED1E6E240A00BB8C98 /* TableViewCell.swift */; };
/* End PBXBuildFile section */

/* Begin PBXContainerItemProxy section */
		A24591DB1E6E194E00BB8C98 /* PBXContainerItemProxy */ = {
			isa = PBXContainerItemProxy;
			containerPortal = A24591D11E6E194E00BB8C98 /* SQLite.xcodeproj */;
			proxyType = 2;
			remoteGlobalIDString = EE247AD31C3F04ED00AE3E12;
			remoteInfo = "SQLite iOS";
		};
		A24591DD1E6E194E00BB8C98 /* PBXContainerItemProxy */ = {
			isa = PBXContainerItemProxy;
			containerPortal = A24591D11E6E194E00BB8C98 /* SQLite.xcodeproj */;
			proxyType = 2;
			remoteGlobalIDString = EE247ADD1C3F04ED00AE3E12;
			remoteInfo = "SQLiteTests iOS";
		};
		A24591DF1E6E194E00BB8C98 /* PBXContainerItemProxy */ = {
			isa = PBXContainerItemProxy;
			containerPortal = A24591D11E6E194E00BB8C98 /* SQLite.xcodeproj */;
			proxyType = 2;
			remoteGlobalIDString = EE247B3C1C3F3ED000AE3E12;
			remoteInfo = "SQLite Mac";
		};
		A24591E11E6E194E00BB8C98 /* PBXContainerItemProxy */ = {
			isa = PBXContainerItemProxy;
			containerPortal = A24591D11E6E194E00BB8C98 /* SQLite.xcodeproj */;
			proxyType = 2;
			remoteGlobalIDString = EE247B451C3F3ED000AE3E12;
			remoteInfo = "SQLiteTests Mac";
		};
		A24591E31E6E194E00BB8C98 /* PBXContainerItemProxy */ = {
			isa = PBXContainerItemProxy;
			containerPortal = A24591D11E6E194E00BB8C98 /* SQLite.xcodeproj */;
			proxyType = 2;
			remoteGlobalIDString = 03A65E5A1C6BB0F50062603F;
			remoteInfo = "SQLite tvOS";
		};
		A24591E51E6E194E00BB8C98 /* PBXContainerItemProxy */ = {
			isa = PBXContainerItemProxy;
			containerPortal = A24591D11E6E194E00BB8C98 /* SQLite.xcodeproj */;
			proxyType = 2;
			remoteGlobalIDString = 03A65E631C6BB0F60062603F;
			remoteInfo = "SQLiteTests tvOS";
		};
		A24591E71E6E194E00BB8C98 /* PBXContainerItemProxy */ = {
			isa = PBXContainerItemProxy;
			containerPortal = A24591D11E6E194E00BB8C98 /* SQLite.xcodeproj */;
			proxyType = 2;
			remoteGlobalIDString = A121AC451CA35C79005A31D1;
			remoteInfo = "SQLite watchOS";
		};
/* End PBXContainerItemProxy section */

/* Begin PBXFileReference section */
		A245918A1E6E158300BB8C98 /* pset4 sem sturkenboom.app */ = {isa = PBXFileReference; explicitFileType = wrapper.application; includeInIndex = 0; path = "pset4 sem sturkenboom.app"; sourceTree = BUILT_PRODUCTS_DIR; };
		A245918D1E6E158300BB8C98 /* AppDelegate.swift */ = {isa = PBXFileReference; lastKnownFileType = sourcecode.swift; path = AppDelegate.swift; sourceTree = "<group>"; };
		A245918F1E6E158300BB8C98 /* ViewController.swift */ = {isa = PBXFileReference; lastKnownFileType = sourcecode.swift; path = ViewController.swift; sourceTree = "<group>"; };
		A24591921E6E158300BB8C98 /* Base */ = {isa = PBXFileReference; lastKnownFileType = file.storyboard; name = Base; path = Base.lproj/Main.storyboard; sourceTree = "<group>"; };
		A24591941E6E158300BB8C98 /* Assets.xcassets */ = {isa = PBXFileReference; lastKnownFileType = folder.assetcatalog; path = Assets.xcassets; sourceTree = "<group>"; };
		A24591971E6E158300BB8C98 /* Base */ = {isa = PBXFileReference; lastKnownFileType = file.storyboard; name = Base; path = Base.lproj/LaunchScreen.storyboard; sourceTree = "<group>"; };
		A24591991E6E158300BB8C98 /* Info.plist */ = {isa = PBXFileReference; lastKnownFileType = text.plist.xml; path = Info.plist; sourceTree = "<group>"; };
		A24591D11E6E194E00BB8C98 /* SQLite.xcodeproj */ = {isa = PBXFileReference; lastKnownFileType = "wrapper.pb-project"; name = SQLite.xcodeproj; path = "External/SQLite.swift-master/SQLite.xcodeproj"; sourceTree = "<group>"; };
		A24591ED1E6E240A00BB8C98 /* TableViewCell.swift */ = {isa = PBXFileReference; fileEncoding = 4; lastKnownFileType = sourcecode.swift; path = TableViewCell.swift; sourceTree = "<group>"; };
/* End PBXFileReference section */

/* Begin PBXFrameworksBuildPhase section */
		A24591871E6E158300BB8C98 /* Frameworks */ = {
			isa = PBXFrameworksBuildPhase;
			buildActionMask = 2147483647;
			files = (
				A24591E91E6E19BC00BB8C98 /* SQLite.framework in Frameworks */,
			);
			runOnlyForDeploymentPostprocessing = 0;
		};
/* End PBXFrameworksBuildPhase section */

/* Begin PBXGroup section */
		A24591811E6E158300BB8C98 = {
			isa = PBXGroup;
			children = (
				A245918C1E6E158300BB8C98 /* pset4 sem sturkenboom */,
				A245918B1E6E158300BB8C98 /* Products */,
			);
			sourceTree = "<group>";
		};
		A245918B1E6E158300BB8C98 /* Products */ = {
			isa = PBXGroup;
			children = (
				A245918A1E6E158300BB8C98 /* pset4 sem sturkenboom.app */,
			);
			name = Products;
			sourceTree = "<group>";
		};
		A245918C1E6E158300BB8C98 /* pset4 sem sturkenboom */ = {
			isa = PBXGroup;
			children = (
				A24591D11E6E194E00BB8C98 /* SQLite.xcodeproj */,
				A245918D1E6E158300BB8C98 /* AppDelegate.swift */,
				A245918F1E6E158300BB8C98 /* ViewController.swift */,
				A24591911E6E158300BB8C98 /* Main.storyboard */,
				A24591ED1E6E240A00BB8C98 /* TableViewCell.swift */,
				A24591941E6E158300BB8C98 /* Assets.xcassets */,
				A24591961E6E158300BB8C98 /* LaunchScreen.storyboard */,
				A24591991E6E158300BB8C98 /* Info.plist */,
			);
			path = "pset4 sem sturkenboom";
			sourceTree = "<group>";
		};
		A24591D21E6E194E00BB8C98 /* Products */ = {
			isa = PBXGroup;
			children = (
				A24591DC1E6E194E00BB8C98 /* SQLite.framework */,
				A24591DE1E6E194E00BB8C98 /* SQLiteTests iOS.xctest */,
				A24591E01E6E194E00BB8C98 /* SQLite.framework */,
				A24591E21E6E194E00BB8C98 /* SQLiteTests Mac.xctest */,
				A24591E41E6E194E00BB8C98 /* SQLite.framework */,
				A24591E61E6E194E00BB8C98 /* SQLiteTests tvOS.xctest */,
				A24591E81E6E194E00BB8C98 /* SQLite.framework */,
			);
			name = Products;
			sourceTree = "<group>";
		};
/* End PBXGroup section */

/* Begin PBXNativeTarget section */
		A24591891E6E158300BB8C98 /* pset4 sem sturkenboom */ = {
			isa = PBXNativeTarget;
			buildConfigurationList = A245919C1E6E158300BB8C98 /* Build configuration list for PBXNativeTarget "pset4 sem sturkenboom" */;
			buildPhases = (
				A24591861E6E158300BB8C98 /* Sources */,
				A24591871E6E158300BB8C98 /* Frameworks */,
				A24591881E6E158300BB8C98 /* Resources */,
			);
			buildRules = (
			);
			dependencies = (
			);
			name = "pset4 sem sturkenboom";
			productName = "pset4 sem sturkenboom";
			productReference = A245918A1E6E158300BB8C98 /* pset4 sem sturkenboom.app */;
			productType = "com.apple.product-type.application";
		};
/* End PBXNativeTarget section */

/* Begin PBXProject section */
		A24591821E6E158300BB8C98 /* Project object */ = {
			isa = PBXProject;
			attributes = {
				LastSwiftUpdateCheck = 0820;
				LastUpgradeCheck = 0820;
				ORGANIZATIONNAME = "Sem Sturkenboom";
				TargetAttributes = {
					A24591891E6E158300BB8C98 = {
						CreatedOnToolsVersion = 8.2.1;
						DevelopmentTeam = H44Q9YW2Z5;
						ProvisioningStyle = Automatic;
					};
				};
			};
			buildConfigurationList = A24591851E6E158300BB8C98 /* Build configuration list for PBXProject "pset4 sem sturkenboom" */;
			compatibilityVersion = "Xcode 3.2";
			developmentRegion = English;
			hasScannedForEncodings = 0;
			knownRegions = (
				en,
				Base,
			);
			mainGroup = A24591811E6E158300BB8C98;
			productRefGroup = A245918B1E6E158300BB8C98 /* Products */;
			projectDirPath = "";
			projectReferences = (
				{
					ProductGroup = A24591D21E6E194E00BB8C98 /* Products */;
					ProjectRef = A24591D11E6E194E00BB8C98 /* SQLite.xcodeproj */;
				},
			);
			projectRoot = "";
			targets = (
				A24591891E6E158300BB8C98 /* pset4 sem sturkenboom */,
			);
		};
/* End PBXProject section */

/* Begin PBXReferenceProxy section */
		A24591DC1E6E194E00BB8C98 /* SQLite.framework */ = {
			isa = PBXReferenceProxy;
			fileType = wrapper.framework;
			path = SQLite.framework;
			remoteRef = A24591DB1E6E194E00BB8C98 /* PBXContainerItemProxy */;
			sourceTree = BUILT_PRODUCTS_DIR;
		};
		A24591DE1E6E194E00BB8C98 /* SQLiteTests iOS.xctest */ = {
			isa = PBXReferenceProxy;
			fileType = wrapper.cfbundle;
			path = "SQLiteTests iOS.xctest";
			remoteRef = A24591DD1E6E194E00BB8C98 /* PBXContainerItemProxy */;
			sourceTree = BUILT_PRODUCTS_DIR;
		};
		A24591E01E6E194E00BB8C98 /* SQLite.framework */ = {
			isa = PBXReferenceProxy;
			fileType = wrapper.framework;
			path = SQLite.framework;
			remoteRef = A24591DF1E6E194E00BB8C98 /* PBXContainerItemProxy */;
			sourceTree = BUILT_PRODUCTS_DIR;
		};
		A24591E21E6E194E00BB8C98 /* SQLiteTests Mac.xctest */ = {
			isa = PBXReferenceProxy;
			fileType = wrapper.cfbundle;
			path = "SQLiteTests Mac.xctest";
			remoteRef = A24591E11E6E194E00BB8C98 /* PBXContainerItemProxy */;
			sourceTree = BUILT_PRODUCTS_DIR;
		};
		A24591E41E6E194E00BB8C98 /* SQLite.framework */ = {
			isa = PBXReferenceProxy;
			fileType = wrapper.framework;
			path = SQLite.framework;
			remoteRef = A24591E31E6E194E00BB8C98 /* PBXContainerItemProxy */;
			sourceTree = BUILT_PRODUCTS_DIR;
		};
		A24591E61E6E194E00BB8C98 /* SQLiteTests tvOS.xctest */ = {
			isa = PBXReferenceProxy;
			fileType = wrapper.cfbundle;
			path = "SQLiteTests tvOS.xctest";
			remoteRef = A24591E51E6E194E00BB8C98 /* PBXContainerItemProxy */;
			sourceTree = BUILT_PRODUCTS_DIR;
		};
		A24591E81E6E194E00BB8C98 /* SQLite.framework */ = {
			isa = PBXReferenceProxy;
			fileType = wrapper.framework;
			path = SQLite.framework;
			remoteRef = A24591E71E6E194E00BB8C98 /* PBXContainerItemProxy */;
			sourceTree = BUILT_PRODUCTS_DIR;
		};
/* End PBXReferenceProxy section */

/* Begin PBXResourcesBuildPhase section */
		A24591881E6E158300BB8C98 /* Resources */ = {
			isa = PBXResourcesBuildPhase;
			buildActionMask = 2147483647;
			files = (
				A24591981E6E158300BB8C98 /* LaunchScreen.storyboard in Resources */,
				A24591951E6E158300BB8C98 /* Assets.xcassets in Resources */,
				A24591931E6E158300BB8C98 /* Main.storyboard in Resources */,
			);
			runOnlyForDeploymentPostprocessing = 0;
		};
/* End PBXResourcesBuildPhase section */

/* Begin PBXSourcesBuildPhase section */
		A24591861E6E158300BB8C98 /* Sources */ = {
			isa = PBXSourcesBuildPhase;
			buildActionMask = 2147483647;
			files = (
				A24591EE1E6E240A00BB8C98 /* TableViewCell.swift in Sources */,
				A24591901E6E158300BB8C98 /* ViewController.swift in Sources */,
				A245918E1E6E158300BB8C98 /* AppDelegate.swift in Sources */,
			);
			runOnlyForDeploymentPostprocessing = 0;
		};
/* End PBXSourcesBuildPhase section */

/* Begin PBXVariantGroup section */
		A24591911E6E158300BB8C98 /* Main.storyboard */ = {
			isa = PBXVariantGroup;
			children = (
				A24591921E6E158300BB8C98 /* Base */,
			);
			name = Main.storyboard;
			sourceTree = "<group>";
		};
		A24591961E6E158300BB8C98 /* LaunchScreen.storyboard */ = {
			isa = PBXVariantGroup;
			children = (
				A24591971E6E158300BB8C98 /* Base */,
			);
			name = LaunchScreen.storyboard;
			sourceTree = "<group>";
		};
/* End PBXVariantGroup section */

/* Begin XCBuildConfiguration section */
		A245919A1E6E158300BB8C98 /* Debug */ = {
			isa = XCBuildConfiguration;
			buildSettings = {
				ALWAYS_SEARCH_USER_PATHS = NO;
				CLANG_ANALYZER_NONNULL = YES;
				CLANG_CXX_LANGUAGE_STANDARD = "gnu++0x";
				CLANG_CXX_LIBRARY = "libc++";
				CLANG_ENABLE_MODULES = YES;
				CLANG_ENABLE_OBJC_ARC = YES;
				CLANG_WARN_BOOL_CONVERSION = YES;
				CLANG_WARN_CONSTANT_CONVERSION = YES;
				CLANG_WARN_DIRECT_OBJC_ISA_USAGE = YES_ERROR;
				CLANG_WARN_DOCUMENTATION_COMMENTS = YES;
				CLANG_WARN_EMPTY_BODY = YES;
				CLANG_WARN_ENUM_CONVERSION = YES;
				CLANG_WARN_INFINITE_RECURSION = YES;
				CLANG_WARN_INT_CONVERSION = YES;
				CLANG_WARN_OBJC_ROOT_CLASS = YES_ERROR;
				CLANG_WARN_SUSPICIOUS_MOVE = YES;
				CLANG_WARN_UNREACHABLE_CODE = YES;
				CLANG_WARN__DUPLICATE_METHOD_MATCH = YES;
				"CODE_SIGN_IDENTITY[sdk=iphoneos*]" = "iPhone Developer";
				COPY_PHASE_STRIP = NO;
				DEBUG_INFORMATION_FORMAT = dwarf;
				ENABLE_STRICT_OBJC_MSGSEND = YES;
				ENABLE_TESTABILITY = YES;
				GCC_C_LANGUAGE_STANDARD = gnu99;
				GCC_DYNAMIC_NO_PIC = NO;
				GCC_NO_COMMON_BLOCKS = YES;
				GCC_OPTIMIZATION_LEVEL = 0;
				GCC_PREPROCESSOR_DEFINITIONS = (
					"DEBUG=1",
					"$(inherited)",
				);
				GCC_WARN_64_TO_32_BIT_CONVERSION = YES;
				GCC_WARN_ABOUT_RETURN_TYPE = YES_ERROR;
				GCC_WARN_UNDECLARED_SELECTOR = YES;
				GCC_WARN_UNINITIALIZED_AUTOS = YES_AGGRESSIVE;
				GCC_WARN_UNUSED_FUNCTION = YES;
				GCC_WARN_UNUSED_VARIABLE = YES;
				IPHONEOS_DEPLOYMENT_TARGET = 10.2;
				MTL_ENABLE_DEBUG_INFO = YES;
				ONLY_ACTIVE_ARCH = YES;
				SDKROOT = iphoneos;
				SWIFT_ACTIVE_COMPILATION_CONDITIONS = DEBUG;
				SWIFT_OPTIMIZATION_LEVEL = "-Onone";
				TARGETED_DEVICE_FAMILY = "1,2";
			};
			name = Debug;
		};
		A245919B1E6E158300BB8C98 /* Release */ = {
			isa = XCBuildConfiguration;
			buildSettings = {
				ALWAYS_SEARCH_USER_PATHS = NO;
				CLANG_ANALYZER_NONNULL = YES;
				CLANG_CXX_LANGUAGE_STANDARD = "gnu++0x";
				CLANG_CXX_LIBRARY = "libc++";
				CLANG_ENABLE_MODULES = YES;
				CLANG_ENABLE_OBJC_ARC = YES;
				CLANG_WARN_BOOL_CONVERSION = YES;
				CLANG_WARN_CONSTANT_CONVERSION = YES;
				CLANG_WARN_DIRECT_OBJC_ISA_USAGE = YES_ERROR;
				CLANG_WARN_DOCUMENTATION_COMMENTS = YES;
				CLANG_WARN_EMPTY_BODY = YES;
				CLANG_WARN_ENUM_CONVERSION = YES;
				CLANG_WARN_INFINITE_RECURSION = YES;
				CLANG_WARN_INT_CONVERSION = YES;
				CLANG_WARN_OBJC_ROOT_CLASS = YES_ERROR;
				CLANG_WARN_SUSPICIOUS_MOVE = YES;
				CLANG_WARN_UNREACHABLE_CODE = YES;
				CLANG_WARN__DUPLICATE_METHOD_MATCH = YES;
				"CODE_SIGN_IDENTITY[sdk=iphoneos*]" = "iPhone Developer";
				COPY_PHASE_STRIP = NO;
				DEBUG_INFORMATION_FORMAT = "dwarf-with-dsym";
				ENABLE_NS_ASSERTIONS = NO;
				ENABLE_STRICT_OBJC_MSGSEND = YES;
				GCC_C_LANGUAGE_STANDARD = gnu99;
				GCC_NO_COMMON_BLOCKS = YES;
				GCC_WARN_64_TO_32_BIT_CONVERSION = YES;
				GCC_WARN_ABOUT_RETURN_TYPE = YES_ERROR;
				GCC_WARN_UNDECLARED_SELECTOR = YES;
				GCC_WARN_UNINITIALIZED_AUTOS = YES_AGGRESSIVE;
				GCC_WARN_UNUSED_FUNCTION = YES;
				GCC_WARN_UNUSED_VARIABLE = YES;
				IPHONEOS_DEPLOYMENT_TARGET = 10.2;
				MTL_ENABLE_DEBUG_INFO = NO;
				SDKROOT = iphoneos;
				SWIFT_OPTIMIZATION_LEVEL = "-Owholemodule";
				TARGETED_DEVICE_FAMILY = "1,2";
				VALIDATE_PRODUCT = YES;
			};
			name = Release;
		};
		A245919D1E6E158300BB8C98 /* Debug */ = {
			isa = XCBuildConfiguration;
			buildSettings = {
				ASSETCATALOG_COMPILER_APPICON_NAME = AppIcon;
				DEVELOPMENT_TEAM = H44Q9YW2Z5;
				INFOPLIST_FILE = "pset4 sem sturkenboom/Info.plist";
				LD_RUNPATH_SEARCH_PATHS = "$(inherited) @executable_path/Frameworks";
				PRODUCT_BUNDLE_IDENTIFIER = "nl.mprog.pset4-sem-sturkenboom";
				PRODUCT_NAME = "$(TARGET_NAME)";
				SWIFT_VERSION = 3.0;
			};
			name = Debug;
		};
		A245919E1E6E158300BB8C98 /* Release */ = {
			isa = XCBuildConfiguration;
			buildSettings = {
				ASSETCATALOG_COMPILER_APPICON_NAME = AppIcon;
				DEVELOPMENT_TEAM = H44Q9YW2Z5;
				INFOPLIST_FILE = "pset4 sem sturkenboom/Info.plist";
				LD_RUNPATH_SEARCH_PATHS = "$(inherited) @executable_path/Frameworks";
				PRODUCT_BUNDLE_IDENTIFIER = "nl.mprog.pset4-sem-sturkenboom";
				PRODUCT_NAME = "$(TARGET_NAME)";
				SWIFT_VERSION = 3.0;
			};
			name = Release;
		};
/* End XCBuildConfiguration section */

/* Begin XCConfigurationList section */
		A24591851E6E158300BB8C98 /* Build configuration list for PBXProject "pset4 sem sturkenboom" */ = {
			isa = XCConfigurationList;
			buildConfigurations = (
				A245919A1E6E158300BB8C98 /* Debug */,
				A245919B1E6E158300BB8C98 /* Release */,
			);
			defaultConfigurationIsVisible = 0;
			defaultConfigurationName = Release;
		};
		A245919C1E6E158300BB8C98 /* Build configuration list for PBXNativeTarget "pset4 sem sturkenboom" */ = {
			isa = XCConfigurationList;
			buildConfigurations = (
				A245919D1E6E158300BB8C98 /* Debug */,
				A245919E1E6E158300BB8C98 /* Release */,
			);
			defaultConfigurationIsVisible = 0;
		};
/* End XCConfigurationList section */
	};
	rootObject = A24591821E6E158300BB8C98 /* Project object */;
}
